
Microsoft Visual Studio Solution File, Format Version 12.00
# Visual Studio Version 16
VisualStudioVersion = 16.0.30611.23
MinimumVisualStudioVersion = 10.0.40219.1
Project("{888888A0-9F3D-457C-B088-3A5042F75D52}") = "CalculusVisualiser", "CalculusVisualiser\CalculusVisualiser.pyproj", "{7DEF1815-042A-4D7B-B06A-654D866EB697}"
EndProject
Global
	GlobalSection(SolutionConfigurationPlatforms) = preSolution
		Debug|Any CPU = Debug|Any CPU
		Release|Any CPU = Release|Any CPU
	EndGlobalSection
	GlobalSection(ProjectConfigurationPlatforms) = postSolution
		{7DEF1815-042A-4D7B-B06A-654D866EB697}.Debug|Any CPU.ActiveCfg = Debug|Any CPU
		{7DEF1815-042A-4D7B-B06A-654D866EB697}.Release|Any CPU.ActiveCfg = Release|Any CPU
	EndGlobalSection
	GlobalSection(SolutionProperties) = preSolution
		HideSolutionNode = FALSE
	EndGlobalSection
	GlobalSection(ExtensibilityGlobals) = postSolution
		SolutionGuid = {B6D5010A-B7F0-4232-999B-7946AC31F439}
	EndGlobalSection
EndGlobal
